
Microsoft Visual Studio Solution File, Format Version 12.00
# Visual Studio Version 17
VisualStudioVersion = 17.2.32630.192
MinimumVisualStudioVersion = 10.0.40219.1
Project("{FAE04EC0-301F-11D3-BF4B-00C04F79EFBC}") = "WebApiFirst", "WebApiFirst\WebApiFirst.csproj", "{887B1655-4F49-4485-B530-549DF27D0F4A}"
EndProject
Global
	GlobalSection(SolutionConfigurationPlatforms) = preSolution
		Debug|Any CPU = Debug|Any CPU
		Release|Any CPU = Release|Any CPU
	EndGlobalSection
	GlobalSection(ProjectConfigurationPlatforms) = postSolution
		{887B1655-4F49-4485-B530-549DF27D0F4A}.Debug|Any CPU.ActiveCfg = Debug|Any CPU
		{887B1655-4F49-4485-B530-549DF27D0F4A}.Debug|Any CPU.Build.0 = Debug|Any CPU
		{887B1655-4F49-4485-B530-549DF27D0F4A}.Release|Any CPU.ActiveCfg = Release|Any CPU
		{887B1655-4F49-4485-B530-549DF27D0F4A}.Release|Any CPU.Build.0 = Release|Any CPU
	EndGlobalSection
	GlobalSection(SolutionProperties) = preSolution
		HideSolutionNode = FALSE
	EndGlobalSection
	GlobalSection(ExtensibilityGlobals) = postSolution
		SolutionGuid = {0F4EEA5A-B61C-4181-A96A-FD6FF6D0C2AE}
	EndGlobalSection
EndGlobal
